<Solution>
  <Folder Name="/Solution Items/">
    <File Path=".dockerignore" />
    <File Path=".editorconfig" />
    <File Path=".gitignore" />
    <File Path="Directory.Build.props" />
    <File Path="Directory.Packages.props" />
    <File Path="README.md" />
  </Folder>
  <Project Path="MinimalAPIService.IntegrationTests/MinimalAPIService.IntegrationTests.csproj" />
  <Project Path="MinimalAPIService/MinimalAPIService.csproj" />
</Solution>
